<?xml version="1.0" encoding="utf-8"?>
<Project ToolsVersion="4.0" xmlns="http://schemas.microsoft.com/developer/msbuild/2003">
  <ItemGroup>
    <Filter Include="源文件">
      <UniqueIdentifier>{332e3281-a71c-45e1-af15-2c0d862bb7dc}</UniqueIdentifier>
    </Filter>
    <Filter Include="生成的文件">
      <UniqueIdentifier>{f4030039-7beb-4d1d-9474-1449e22a75d6}</UniqueIdentifier>
      <SourceControlFiles>False</SourceControlFiles>
    </Filter>
  </ItemGroup>
  <ItemGroup>
    <None Include="ImageToolsps.def" />
  </ItemGroup>
  <ItemGroup>
    <ClCompile Include="ImageTools_i.c">
      <Filter>生成的文件</Filter>
    </ClCompile>
    <ClCompile Include="ImageTools_p.c">
      <Filter>生成的文件</Filter>
    </ClCompile>
    <ClCompile Include="dlldata.c">
      <Filter>生成的文件</Filter>
    </ClCompile>
  </ItemGroup>
</Project>